{
  "name": "sftpserver",
  "version": "1.0.0",
  "lockfileVersion": 1,
  "requires": true,
  "dependencies": {
    "asn1": {
      "version": "0.2.4",
      "resolved": "https://registry.npmjs.org/asn1/-/asn1-0.2.4.tgz",
      "integrity": "sha512-jxwzQpLQjSmWXgwaCZE9Nz+glAG01yF1QnWgbhGwHI5A6FRIEY6IVqtHhIepHqI7/kyEyQEagBC5mBEFlIYvdg==",
      "requires": {
        "safer-buffer": "~2.1.0"
      }
    },
    "core-util-is": {
      "version": "1.0.2",
      "resolved": "https://registry.npmjs.org/core-util-is/-/core-util-is-1.0.2.tgz",
      "integrity": "sha1-tf1UIgqivFq1eqtxQMlAdUUDwac="
    },
    "inherits": {
      "version": "2.0.4",
      "resolved": "https://registry.npmjs.org/inherits/-/inherits-2.0.4.tgz",
      "integrity": "sha512-k/vGaX4/Yla3WzyMCvTQOXYeIHvqOKtnqBduzTHpzpQZzAskKMhZ2K+EnBiSM9zGSoIFeMpXKxa4dYeZIQqewQ=="
    },
    "isarray": {
      "version": "0.0.1",
      "resolved": "https://registry.npmjs.org/isarray/-/isarray-0.0.1.tgz",
      "integrity": "sha1-ihis/Kmo9Bd+Cav8YDiTmwXR7t8="
    },
    "node-sftp-server": {
      "version": "git+https://github.com/hoholee12/node-sftp-server.git#825e11387051d026ee52eaee8076328a76c079cf",
      "from": "git+https://github.com/hoholee12/node-sftp-server.git",
      "requires": {
        "ssh2": "0.5.x",
        "ssh2-streams": "^0.0.21",
        "tmp": "^0.0.30"
      }
    },
    "os-tmpdir": {
      "version": "1.0.2",
      "resolved": "https://registry.npmjs.org/os-tmpdir/-/os-tmpdir-1.0.2.tgz",
      "integrity": "sha1-u+Z0BseaqFxc/sdm/lc0VV36EnQ="
    },
    "readable-stream": {
      "version": "1.0.34",
      "resolved": "https://registry.npmjs.org/readable-stream/-/readable-stream-1.0.34.tgz",
      "integrity": "sha1-Elgg40vIQtLyqq+v5MKRbuMsFXw=",
      "requires": {
        "core-util-is": "~1.0.0",
        "inherits": "~2.0.1",
        "isarray": "0.0.1",
        "string_decoder": "~0.10.x"
      }
    },
    "safer-buffer": {
      "version": "2.1.2",
      "resolved": "https://registry.npmjs.org/safer-buffer/-/safer-buffer-2.1.2.tgz",
      "integrity": "sha512-YZo3K82SD7Riyi0E1EQPojLz7kpepnSQI9IyPbHHg1XXXevb5dJI7tpyN2ADxGcQbHG7vcyRHk0cbwqcQriUtg=="
    },
    "semver": {
      "version": "5.7.1",
      "resolved": "https://registry.npmjs.org/semver/-/semver-5.7.1.tgz",
      "integrity": "sha512-sauaDf/PZdVgrLTNYHRtpXa1iRiKcaebiKQ1BJdpQlWH2lCvexQdX55snPFyK7QzpudqbCI0qXFfOasHdyNDGQ=="
    },
    "ssh2": {
      "version": "0.5.5",
      "resolved": "https://registry.npmjs.org/ssh2/-/ssh2-0.5.5.tgz",
      "integrity": "sha1-x3gezS7OcwSiU89iD6taXCK7IjU=",
      "requires": {
        "ssh2-streams": "~0.1.18"
      },
      "dependencies": {
        "ssh2-streams": {
          "version": "0.1.20",
          "resolved": "https://registry.npmjs.org/ssh2-streams/-/ssh2-streams-0.1.20.tgz",
          "integrity": "sha1-URGNFUVV31Rp7h9n4M8efoosDjo=",
          "requires": {
            "asn1": "~0.2.0",
            "semver": "^5.1.0",
            "streamsearch": "~0.1.2"
          }
        }
      }
    },
    "ssh2-streams": {
      "version": "0.0.21",
      "resolved": "https://registry.npmjs.org/ssh2-streams/-/ssh2-streams-0.0.21.tgz",
      "integrity": "sha1-6hONC51xRIQ3pSG3g6EbvSCIN7s=",
      "requires": {
        "asn1": "~0.2.0",
        "readable-stream": "~1.0.0",
        "streamsearch": "~0.1.2"
      }
    },
    "streamsearch": {
      "version": "0.1.2",
      "resolved": "https://registry.npmjs.org/streamsearch/-/streamsearch-0.1.2.tgz",
      "integrity": "sha1-gIudDlb8Jz2Am6VzOOkpkZoanxo="
    },
    "string_decoder": {
      "version": "0.10.31",
      "resolved": "https://registry.npmjs.org/string_decoder/-/string_decoder-0.10.31.tgz",
      "integrity": "sha1-YuIDvEF2bGwoyfyEMB2rHFMQ+pQ="
    },
    "tmp": {
      "version": "0.0.30",
      "resolved": "https://registry.npmjs.org/tmp/-/tmp-0.0.30.tgz",
      "integrity": "sha1-ckGdSovn1s51FI/YsyTlk6cRwu0=",
      "requires": {
        "os-tmpdir": "~1.0.1"
      }
    }
  }
}
